
Microsoft Visual Studio Solution File, Format Version 12.00
# Visual Studio Version 16
VisualStudioVersion = 16.0.30907.101
MinimumVisualStudioVersion = 10.0.40219.1
Project("{FAE04EC0-301F-11D3-BF4B-00C04F79EFBC}") = "Tinder auto like", "Tinder auto like.csproj", "{92063D80-FE1E-4683-98C5-8724DD12EECE}"
EndProject
Global
	GlobalSection(SolutionConfigurationPlatforms) = preSolution
		Debug|Any CPU = Debug|Any CPU
		Release|Any CPU = Release|Any CPU
	EndGlobalSection
	GlobalSection(ProjectConfigurationPlatforms) = postSolution
		{92063D80-FE1E-4683-98C5-8724DD12EECE}.Debug|Any CPU.ActiveCfg = Debug|Any CPU
		{92063D80-FE1E-4683-98C5-8724DD12EECE}.Debug|Any CPU.Build.0 = Debug|Any CPU
		{92063D80-FE1E-4683-98C5-8724DD12EECE}.Release|Any CPU.ActiveCfg = Release|Any CPU
		{92063D80-FE1E-4683-98C5-8724DD12EECE}.Release|Any CPU.Build.0 = Release|Any CPU
	EndGlobalSection
	GlobalSection(SolutionProperties) = preSolution
		HideSolutionNode = FALSE
	EndGlobalSection
	GlobalSection(ExtensibilityGlobals) = postSolution
		SolutionGuid = {10D2E8E5-F062-4247-BD9E-443F4F117293}
	EndGlobalSection
EndGlobal
